{
    "version": 3,
    "terraform_version": "0.11.2",
    "serial": 3,
    "lineage": "495a96ad-8013-443d-8d3d-e0e966d6e07e",
    "modules": [
        {
            "path": [
                "root"
            ],
            "outputs": {},
            "resources": {
                "aws_instance.nginx": {
                    "type": "aws_instance",
                    "depends_on": [],
                    "primary": {
                        "id": "i-0cb47a9cc09bf1c34",
                        "attributes": {
                            "ami": "ami-3552e54d",
                            "associate_public_ip_address": "true",
                            "availability_zone": "us-west-2b",
                            "disable_api_termination": "false",
                            "ebs_block_device.#": "0",
                            "ebs_optimized": "false",
                            "ephemeral_block_device.#": "0",
                            "iam_instance_profile": "",
                            "id": "i-0cb47a9cc09bf1c34",
                            "instance_state": "running",
                            "instance_type": "t2.micro",
                            "ipv6_addresses.#": "0",
                            "key_name": "",
                            "monitoring": "false",
                            "network_interface.#": "0",
                            "network_interface_id": "eni-a3dc1e86",
                            "placement_group": "",
                            "primary_network_interface_id": "eni-a3dc1e86",
                            "private_dns": "ip-172-31-47-67.us-west-2.compute.internal",
                            "private_ip": "172.31.47.67",
                            "public_dns": "ec2-54-244-69-129.us-west-2.compute.amazonaws.com",
                            "public_ip": "54.244.69.129",
                            "root_block_device.#": "1",
                            "root_block_device.0.delete_on_termination": "true",
                            "root_block_device.0.iops": "0",
                            "root_block_device.0.volume_id": "vol-0789958723bbdccc3",
                            "root_block_device.0.volume_size": "8",
                            "root_block_device.0.volume_type": "standard",
                            "security_groups.#": "1",
                            "security_groups.3814588639": "default",
                            "source_dest_check": "true",
                            "subnet_id": "subnet-ee464c8c",
                            "tags.%": "0",
                            "tenancy": "default",
                            "volume_tags.%": "0",
                            "vpc_security_group_ids.#": "0"
                        },
                        "meta": {
                            "e2bfb730-ecaa-11e6-8f88-34363bc7c4c0": {
                                "create": 600000000000,
                                "delete": 600000000000,
                                "update": 600000000000
                            },
                            "schema_version": "1"
                        },
                        "tainted": false
                    },
                    "deposed": [],
                    "provider": "provider.aws"
                }
            },
            "depends_on": []
        }
    ]
}
