{
    "version": 3,
    "terraform_version": "0.11.2",
    "serial": 6,
    "lineage": "495a96ad-8013-443d-8d3d-e0e966d6e07e",
    "modules": [
        {
            "path": [
                "root"
            ],
            "outputs": {},
            "resources": {
                "aws_eip.ip": {
                    "type": "aws_eip",
                    "depends_on": [
                        "aws_instance.nginx"
                    ],
                    "primary": {
                        "id": "eipalloc-68988355",
                        "attributes": {
                            "association_id": "eipassoc-e22cc11e",
                            "domain": "vpc",
                            "id": "eipalloc-68988355",
                            "instance": "i-02f73009fa43c3835",
                            "network_interface": "eni-e3f83ac6",
                            "private_ip": "172.31.39.244",
                            "public_ip": "34.210.117.109",
                            "tags.%": "0",
                            "vpc": "true"
                        },
                        "meta": {},
                        "tainted": false
                    },
                    "deposed": [],
                    "provider": "provider.aws"
                },
                "aws_instance.nginx": {
                    "type": "aws_instance",
                    "depends_on": [],
                    "primary": {
                        "id": "i-02f73009fa43c3835",
                        "attributes": {
                            "ami": "ami-9557e0ed",
                            "associate_public_ip_address": "true",
                            "availability_zone": "us-west-2b",
                            "disable_api_termination": "false",
                            "ebs_block_device.#": "0",
                            "ebs_optimized": "false",
                            "ephemeral_block_device.#": "0",
                            "iam_instance_profile": "",
                            "id": "i-02f73009fa43c3835",
                            "instance_state": "running",
                            "instance_type": "t2.micro",
                            "ipv6_addresses.#": "0",
                            "key_name": "",
                            "monitoring": "false",
                            "network_interface.#": "0",
                            "network_interface_id": "eni-e3f83ac6",
                            "placement_group": "",
                            "primary_network_interface_id": "eni-e3f83ac6",
                            "private_dns": "ip-172-31-39-244.us-west-2.compute.internal",
                            "private_ip": "172.31.39.244",
                            "public_dns": "ec2-34-216-135-13.us-west-2.compute.amazonaws.com",
                            "public_ip": "34.216.135.13",
                            "root_block_device.#": "1",
                            "root_block_device.0.delete_on_termination": "true",
                            "root_block_device.0.iops": "0",
                            "root_block_device.0.volume_id": "vol-08e7a9a649b98f48c",
                            "root_block_device.0.volume_size": "8",
                            "root_block_device.0.volume_type": "standard",
                            "security_groups.#": "1",
                            "security_groups.3814588639": "default",
                            "source_dest_check": "true",
                            "subnet_id": "subnet-ee464c8c",
                            "tags.%": "0",
                            "tenancy": "default",
                            "volume_tags.%": "0",
                            "vpc_security_group_ids.#": "0"
                        },
                        "meta": {
                            "e2bfb730-ecaa-11e6-8f88-34363bc7c4c0": {
                                "create": 600000000000,
                                "delete": 600000000000,
                                "update": 600000000000
                            },
                            "schema_version": "1"
                        },
                        "tainted": false
                    },
                    "deposed": [],
                    "provider": "provider.aws"
                }
            },
            "depends_on": []
        }
    ]
}
